
Microsoft Visual Studio Solution File, Format Version 12.00
Project("{FAE04EC0-301F-11D3-BF4B-00C04F79EFBC}") = "PaymentGateway.API", "src\PaymentGateway.API\PaymentGateway.API.csproj", "{60BA434F-B734-456D-9D69-231B738A8BE7}"
EndProject
Project("{FAE04EC0-301F-11D3-BF4B-00C04F79EFBC}") = "PaymentGateway.Domain", "src\PaymentGateway.Domain\PaymentGateway.Domain.csproj", "{3DCE9067-C365-4544-8FB4-27D953D2F8DA}"
EndProject
Project("{FAE04EC0-301F-11D3-BF4B-00C04F79EFBC}") = "PaymentGateway.Infrastructure", "src\PaymentGateway.Infrastructure\PaymentGateway.Infrastructure.csproj", "{3D6D56F9-6076-428C-AD71-96140E365ED3}"
EndProject
Project("{2150E333-8FDC-42A3-9474-1A3956D46DE8}") = "tests", "tests", "{CE19892D-A5BA-4561-8AEE-57AD71CCA5FE}"
EndProject
Project("{2150E333-8FDC-42A3-9474-1A3956D46DE8}") = "src", "src", "{431633FD-B7F1-4DDA-9138-C6ED7DE5D7F2}"
EndProject
Project("{FAE04EC0-301F-11D3-BF4B-00C04F79EFBC}") = "Domain.UnitTests", "tests\Domain.UnitTests\Domain.UnitTests.csproj", "{631AC720-AB64-4DCA-9671-2317023984C1}"
EndProject
Project("{FAE04EC0-301F-11D3-BF4B-00C04F79EFBC}") = "API.IntegrationTests", "tests\API.IntegrationTests\API.IntegrationTests.csproj", "{09AE94C2-F6DF-469E-BDCA-712AF75FCB87}"
EndProject
Project("{FAE04EC0-301F-11D3-BF4B-00C04F79EFBC}") = "Infrastructure.UnitTests", "tests\Infrastructure.UnitTests\Infrastructure.UnitTests.csproj", "{F95B590D-9A83-4868-A850-B4F8BA71D33B}"
EndProject
Project("{FAE04EC0-301F-11D3-BF4B-00C04F79EFBC}") = "PaymentGateway.MockBank", "src\PaymentGateway.MockBank\PaymentGateway.MockBank.csproj", "{ED790241-B95A-4B11-AABC-4DBBAEEE7FB9}"
EndProject
Project("{FAE04EC0-301F-11D3-BF4B-00C04F79EFBC}") = "MockBank.UnitTests", "tests\MockBank.UnitTests\MockBank.UnitTests.csproj", "{34DCA54D-0249-4DF2-A381-C9687910346C}"
EndProject
Global
	GlobalSection(SolutionConfigurationPlatforms) = preSolution
		Debug|Any CPU = Debug|Any CPU
		Release|Any CPU = Release|Any CPU
	EndGlobalSection
	GlobalSection(ProjectConfigurationPlatforms) = postSolution
		{60BA434F-B734-456D-9D69-231B738A8BE7}.Debug|Any CPU.ActiveCfg = Debug|Any CPU
		{60BA434F-B734-456D-9D69-231B738A8BE7}.Debug|Any CPU.Build.0 = Debug|Any CPU
		{60BA434F-B734-456D-9D69-231B738A8BE7}.Release|Any CPU.ActiveCfg = Release|Any CPU
		{60BA434F-B734-456D-9D69-231B738A8BE7}.Release|Any CPU.Build.0 = Release|Any CPU
		{3DCE9067-C365-4544-8FB4-27D953D2F8DA}.Debug|Any CPU.ActiveCfg = Debug|Any CPU
		{3DCE9067-C365-4544-8FB4-27D953D2F8DA}.Debug|Any CPU.Build.0 = Debug|Any CPU
		{3DCE9067-C365-4544-8FB4-27D953D2F8DA}.Release|Any CPU.ActiveCfg = Release|Any CPU
		{3DCE9067-C365-4544-8FB4-27D953D2F8DA}.Release|Any CPU.Build.0 = Release|Any CPU
		{3D6D56F9-6076-428C-AD71-96140E365ED3}.Debug|Any CPU.ActiveCfg = Debug|Any CPU
		{3D6D56F9-6076-428C-AD71-96140E365ED3}.Debug|Any CPU.Build.0 = Debug|Any CPU
		{3D6D56F9-6076-428C-AD71-96140E365ED3}.Release|Any CPU.ActiveCfg = Release|Any CPU
		{3D6D56F9-6076-428C-AD71-96140E365ED3}.Release|Any CPU.Build.0 = Release|Any CPU
		{631AC720-AB64-4DCA-9671-2317023984C1}.Debug|Any CPU.ActiveCfg = Debug|Any CPU
		{631AC720-AB64-4DCA-9671-2317023984C1}.Debug|Any CPU.Build.0 = Debug|Any CPU
		{631AC720-AB64-4DCA-9671-2317023984C1}.Release|Any CPU.ActiveCfg = Release|Any CPU
		{631AC720-AB64-4DCA-9671-2317023984C1}.Release|Any CPU.Build.0 = Release|Any CPU
		{09AE94C2-F6DF-469E-BDCA-712AF75FCB87}.Debug|Any CPU.ActiveCfg = Debug|Any CPU
		{09AE94C2-F6DF-469E-BDCA-712AF75FCB87}.Debug|Any CPU.Build.0 = Debug|Any CPU
		{09AE94C2-F6DF-469E-BDCA-712AF75FCB87}.Release|Any CPU.ActiveCfg = Release|Any CPU
		{09AE94C2-F6DF-469E-BDCA-712AF75FCB87}.Release|Any CPU.Build.0 = Release|Any CPU
		{F95B590D-9A83-4868-A850-B4F8BA71D33B}.Debug|Any CPU.ActiveCfg = Debug|Any CPU
		{F95B590D-9A83-4868-A850-B4F8BA71D33B}.Debug|Any CPU.Build.0 = Debug|Any CPU
		{F95B590D-9A83-4868-A850-B4F8BA71D33B}.Release|Any CPU.ActiveCfg = Release|Any CPU
		{F95B590D-9A83-4868-A850-B4F8BA71D33B}.Release|Any CPU.Build.0 = Release|Any CPU
		{ED790241-B95A-4B11-AABC-4DBBAEEE7FB9}.Debug|Any CPU.ActiveCfg = Debug|Any CPU
		{ED790241-B95A-4B11-AABC-4DBBAEEE7FB9}.Debug|Any CPU.Build.0 = Debug|Any CPU
		{ED790241-B95A-4B11-AABC-4DBBAEEE7FB9}.Release|Any CPU.ActiveCfg = Release|Any CPU
		{ED790241-B95A-4B11-AABC-4DBBAEEE7FB9}.Release|Any CPU.Build.0 = Release|Any CPU
		{34DCA54D-0249-4DF2-A381-C9687910346C}.Debug|Any CPU.ActiveCfg = Debug|Any CPU
		{34DCA54D-0249-4DF2-A381-C9687910346C}.Debug|Any CPU.Build.0 = Debug|Any CPU
		{34DCA54D-0249-4DF2-A381-C9687910346C}.Release|Any CPU.ActiveCfg = Release|Any CPU
		{34DCA54D-0249-4DF2-A381-C9687910346C}.Release|Any CPU.Build.0 = Release|Any CPU
	EndGlobalSection
	GlobalSection(NestedProjects) = preSolution
		{60BA434F-B734-456D-9D69-231B738A8BE7} = {431633FD-B7F1-4DDA-9138-C6ED7DE5D7F2}
		{3DCE9067-C365-4544-8FB4-27D953D2F8DA} = {431633FD-B7F1-4DDA-9138-C6ED7DE5D7F2}
		{3D6D56F9-6076-428C-AD71-96140E365ED3} = {431633FD-B7F1-4DDA-9138-C6ED7DE5D7F2}
		{631AC720-AB64-4DCA-9671-2317023984C1} = {CE19892D-A5BA-4561-8AEE-57AD71CCA5FE}
		{09AE94C2-F6DF-469E-BDCA-712AF75FCB87} = {CE19892D-A5BA-4561-8AEE-57AD71CCA5FE}
		{F95B590D-9A83-4868-A850-B4F8BA71D33B} = {CE19892D-A5BA-4561-8AEE-57AD71CCA5FE}
		{ED790241-B95A-4B11-AABC-4DBBAEEE7FB9} = {431633FD-B7F1-4DDA-9138-C6ED7DE5D7F2}
		{34DCA54D-0249-4DF2-A381-C9687910346C} = {CE19892D-A5BA-4561-8AEE-57AD71CCA5FE}
	EndGlobalSection
EndGlobal
